
Microsoft Visual Studio Solution File, Format Version 12.00
# Visual Studio Version 16
VisualStudioVersion = 16.0.30503.244
MinimumVisualStudioVersion = 10.0.40219.1
Project("{888888A0-9F3D-457C-B088-3A5042F75D52}") = "keyPassSave", "keyPassSave\keyPassSave.pyproj", "{5379BEF9-95E1-429F-918F-DC904D36596D}"
EndProject
Global
	GlobalSection(SolutionConfigurationPlatforms) = preSolution
		Debug|Any CPU = Debug|Any CPU
		Release|Any CPU = Release|Any CPU
	EndGlobalSection
	GlobalSection(ProjectConfigurationPlatforms) = postSolution
		{5379BEF9-95E1-429F-918F-DC904D36596D}.Debug|Any CPU.ActiveCfg = Debug|Any CPU
		{5379BEF9-95E1-429F-918F-DC904D36596D}.Debug|Any CPU.Build.0 = Debug|Any CPU
		{5379BEF9-95E1-429F-918F-DC904D36596D}.Release|Any CPU.ActiveCfg = Release|Any CPU
		{5379BEF9-95E1-429F-918F-DC904D36596D}.Release|Any CPU.Build.0 = Release|Any CPU
	EndGlobalSection
	GlobalSection(SolutionProperties) = preSolution
		HideSolutionNode = FALSE
	EndGlobalSection
	GlobalSection(ExtensibilityGlobals) = postSolution
		SolutionGuid = {A0F5CAEB-4816-485C-B8E5-04E766740DBF}
	EndGlobalSection
EndGlobal
